
Microsoft Visual Studio Solution File, Format Version 12.00
# Visual Studio 15
VisualStudioVersion = 15.0.28307.271
MinimumVisualStudioVersion = 10.0.40219.1
Project("{8BC9CEB8-8B4A-11D0-8D11-00A0C91BC942}") = "TCPHelper", "TCPHelper\TCPHelper.vcxproj", "{B0175269-51C2-4D83-B283-7EDA81B30B57}"
EndProject
Project("{8BC9CEB8-8B4A-11D0-8D11-00A0C91BC942}") = "TCPHelperDriver", "TCPHelperDriver\TCPHelperDriver.vcxproj", "{FB3818C4-0522-4B2B-A297-5147643B7034}"
EndProject
Project("{8BC9CEB8-8B4A-11D0-8D11-00A0C91BC942}") = "LowRide", "LowRide\LowRide.vcxproj", "{483C72CF-D08A-442D-B2FB-51DF42B55684}"
EndProject
Global
	GlobalSection(SolutionConfigurationPlatforms) = preSolution
		Debug|x64 = Debug|x64
		Debug|x86 = Debug|x86
		Release|x64 = Release|x64
		Release|x86 = Release|x86
	EndGlobalSection
	GlobalSection(ProjectConfigurationPlatforms) = postSolution
		{B0175269-51C2-4D83-B283-7EDA81B30B57}.Debug|x64.ActiveCfg = Debug|x64
		{B0175269-51C2-4D83-B283-7EDA81B30B57}.Debug|x64.Build.0 = Debug|x64
		{B0175269-51C2-4D83-B283-7EDA81B30B57}.Debug|x86.ActiveCfg = Debug|Win32
		{B0175269-51C2-4D83-B283-7EDA81B30B57}.Debug|x86.Build.0 = Debug|Win32
		{B0175269-51C2-4D83-B283-7EDA81B30B57}.Release|x64.ActiveCfg = Release|x64
		{B0175269-51C2-4D83-B283-7EDA81B30B57}.Release|x64.Build.0 = Release|x64
		{B0175269-51C2-4D83-B283-7EDA81B30B57}.Release|x86.ActiveCfg = Release|Win32
		{B0175269-51C2-4D83-B283-7EDA81B30B57}.Release|x86.Build.0 = Release|Win32
		{FB3818C4-0522-4B2B-A297-5147643B7034}.Debug|x64.ActiveCfg = Debug|x64
		{FB3818C4-0522-4B2B-A297-5147643B7034}.Debug|x64.Build.0 = Debug|x64
		{FB3818C4-0522-4B2B-A297-5147643B7034}.Debug|x86.ActiveCfg = Debug|Win32
		{FB3818C4-0522-4B2B-A297-5147643B7034}.Debug|x86.Build.0 = Debug|Win32
		{FB3818C4-0522-4B2B-A297-5147643B7034}.Release|x64.ActiveCfg = Release|x64
		{FB3818C4-0522-4B2B-A297-5147643B7034}.Release|x64.Build.0 = Release|x64
		{FB3818C4-0522-4B2B-A297-5147643B7034}.Release|x86.ActiveCfg = Release|Win32
		{FB3818C4-0522-4B2B-A297-5147643B7034}.Release|x86.Build.0 = Release|Win32
		{483C72CF-D08A-442D-B2FB-51DF42B55684}.Debug|x64.ActiveCfg = Debug|x64
		{483C72CF-D08A-442D-B2FB-51DF42B55684}.Debug|x64.Build.0 = Debug|x64
		{483C72CF-D08A-442D-B2FB-51DF42B55684}.Debug|x86.ActiveCfg = Debug|Win32
		{483C72CF-D08A-442D-B2FB-51DF42B55684}.Debug|x86.Build.0 = Debug|Win32
		{483C72CF-D08A-442D-B2FB-51DF42B55684}.Release|x64.ActiveCfg = Release|x64
		{483C72CF-D08A-442D-B2FB-51DF42B55684}.Release|x64.Build.0 = Release|x64
		{483C72CF-D08A-442D-B2FB-51DF42B55684}.Release|x86.ActiveCfg = Release|Win32
		{483C72CF-D08A-442D-B2FB-51DF42B55684}.Release|x86.Build.0 = Release|Win32
	EndGlobalSection
	GlobalSection(SolutionProperties) = preSolution
		HideSolutionNode = FALSE
	EndGlobalSection
	GlobalSection(ExtensibilityGlobals) = postSolution
		SolutionGuid = {AE60311C-3CCF-498E-AB1D-C9FC6FDE1E06}
	EndGlobalSection
EndGlobal
